// !$*UTF8*$!
{
	archiveVersion = 1;
	classes = {
	};
	objectVersion = 48;
	objects = {

/* Begin PBXBuildFile section */
		9CC2F1F3D5B74CB65BFE6FD5 /* Pods_Gengo2.framework in Frameworks */ = {isa = PBXBuildFile; fileRef = 46E1895DB1980FDC7C91A166 /* Pods_Gengo2.framework */; };
		DBDEDCC91FF2D77F009F4E91 /* LessonViewController.swift in Sources */ = {isa = PBXBuildFile; fileRef = DBDEDCC81FF2D77F009F4E91 /* LessonViewController.swift */; };
		DBDEDCCB1FF2D86A009F4E91 /* LessonTableViewCell.swift in Sources */ = {isa = PBXBuildFile; fileRef = DBDEDCCA1FF2D86A009F4E91 /* LessonTableViewCell.swift */; };
		DBDEDCCD1FF2DF38009F4E91 /* ProfileViewController.swift in Sources */ = {isa = PBXBuildFile; fileRef = DBDEDCCC1FF2DF38009F4E91 /* ProfileViewController.swift */; };
		DBDEDCCF1FF2DF49009F4E91 /* ProfileTableViewCell.swift in Sources */ = {isa = PBXBuildFile; fileRef = DBDEDCCE1FF2DF49009F4E91 /* ProfileTableViewCell.swift */; };
		DBFDB2C01FED7B3F000CE889 /* AppDelegate.swift in Sources */ = {isa = PBXBuildFile; fileRef = DBFDB2BF1FED7B3F000CE889 /* AppDelegate.swift */; };
		DBFDB2C21FED7B3F000CE889 /* LoginViewController.swift in Sources */ = {isa = PBXBuildFile; fileRef = DBFDB2C11FED7B3F000CE889 /* LoginViewController.swift */; };
		DBFDB2C51FED7B3F000CE889 /* Main.storyboard in Resources */ = {isa = PBXBuildFile; fileRef = DBFDB2C31FED7B3F000CE889 /* Main.storyboard */; };
		DBFDB2C81FED7B3F000CE889 /* Gengo2.xcdatamodeld in Sources */ = {isa = PBXBuildFile; fileRef = DBFDB2C61FED7B3F000CE889 /* Gengo2.xcdatamodeld */; };
		DBFDB2CD1FED7B3F000CE889 /* LaunchScreen.storyboard in Resources */ = {isa = PBXBuildFile; fileRef = DBFDB2CB1FED7B3F000CE889 /* LaunchScreen.storyboard */; };
		DBFDB2D51FED7FD5000CE889 /* GoogleService-Info.plist in Resources */ = {isa = PBXBuildFile; fileRef = DBFDB2D41FED7FD5000CE889 /* GoogleService-Info.plist */; };
		DBFDB2D71FED86B6000CE889 /* Assets.xcassets in Resources */ = {isa = PBXBuildFile; fileRef = DBFDB2D61FED86B6000CE889 /* Assets.xcassets */; };
		DBFDB30B1FED8756000CE889 /* te.wav in Resources */ = {isa = PBXBuildFile; fileRef = DBFDB2DB1FED874B000CE889 /* te.wav */; };
		DBFDB30C1FED8756000CE889 /* ri.wav in Resources */ = {isa = PBXBuildFile; fileRef = DBFDB2DC1FED874B000CE889 /* ri.wav */; };
		DBFDB30D1FED8756000CE889 /* ro.wav in Resources */ = {isa = PBXBuildFile; fileRef = DBFDB2DD1FED874B000CE889 /* ro.wav */; };
		DBFDB30E1FED8756000CE889 /* so.wav in Resources */ = {isa = PBXBuildFile; fileRef = DBFDB2DE1FED874B000CE889 /* so.wav */; };
		DBFDB30F1FED8756000CE889 /* ha.wav in Resources */ = {isa = PBXBuildFile; fileRef = DBFDB2DF1FED874C000CE889 /* ha.wav */; };
		DBFDB3101FED8756000CE889 /* ho.wav in Resources */ = {isa = PBXBuildFile; fileRef = DBFDB2E01FED874C000CE889 /* ho.wav */; };
		DBFDB3111FED8756000CE889 /* ku.wav in Resources */ = {isa = PBXBuildFile; fileRef = DBFDB2E11FED874C000CE889 /* ku.wav */; };
		DBFDB3121FED8756000CE889 /* mu.wav in Resources */ = {isa = PBXBuildFile; fileRef = DBFDB2E21FED874C000CE889 /* mu.wav */; };
		DBFDB3131FED8756000CE889 /* no.wav in Resources */ = {isa = PBXBuildFile; fileRef = DBFDB2E31FED874C000CE889 /* no.wav */; };
		DBFDB3141FED8756000CE889 /* o.wav in Resources */ = {isa = PBXBuildFile; fileRef = DBFDB2E41FED874C000CE889 /* o.wav */; };
		DBFDB3151FED8756000CE889 /* e.wav in Resources */ = {isa = PBXBuildFile; fileRef = DBFDB2E51FED874D000CE889 /* e.wav */; };
		DBFDB3161FED8756000CE889 /* se.wav in Resources */ = {isa = PBXBuildFile; fileRef = DBFDB2E61FED874D000CE889 /* se.wav */; };
		DBFDB3171FED8756000CE889 /* gamesong.mp3 in Resources */ = {isa = PBXBuildFile; fileRef = DBFDB2E71FED874D000CE889 /* gamesong.mp3 */; };
		DBFDB3181FED8756000CE889 /* mo.wav in Resources */ = {isa = PBXBuildFile; fileRef = DBFDB2E81FED874E000CE889 /* mo.wav */; };
		DBFDB3191FED8756000CE889 /* na.wav in Resources */ = {isa = PBXBuildFile; fileRef = DBFDB2E91FED874E000CE889 /* na.wav */; };
		DBFDB31A1FED8756000CE889 /* ru.wav in Resources */ = {isa = PBXBuildFile; fileRef = DBFDB2EA1FED874E000CE889 /* ru.wav */; };
		DBFDB31B1FED8756000CE889 /* fu.wav in Resources */ = {isa = PBXBuildFile; fileRef = DBFDB2EB1FED874E000CE889 /* fu.wav */; };
		DBFDB31C1FED8756000CE889 /* u.wav in Resources */ = {isa = PBXBuildFile; fileRef = DBFDB2EC1FED874E000CE889 /* u.wav */; };
		DBFDB31D1FED8756000CE889 /* mi.wav in Resources */ = {isa = PBXBuildFile; fileRef = DBFDB2ED1FED874E000CE889 /* mi.wav */; };
		DBFDB31E1FED8756000CE889 /* shi.wav in Resources */ = {isa = PBXBuildFile; fileRef = DBFDB2EE1FED874F000CE889 /* shi.wav */; };
		DBFDB31F1FED8756000CE889 /* wo.wav in Resources */ = {isa = PBXBuildFile; fileRef = DBFDB2EF1FED874F000CE889 /* wo.wav */; };
		DBFDB3201FED8756000CE889 /* a.wav in Resources */ = {isa = PBXBuildFile; fileRef = DBFDB2F01FED874F000CE889 /* a.wav */; };
		DBFDB3211FED8756000CE889 /* ke.wav in Resources */ = {isa = PBXBuildFile; fileRef = DBFDB2F11FED874F000CE889 /* ke.wav */; };
		DBFDB3221FED8756000CE889 /* ki.wav in Resources */ = {isa = PBXBuildFile; fileRef = DBFDB2F21FED8750000CE889 /* ki.wav */; };
		DBFDB3231FED8756000CE889 /* ma.wav in Resources */ = {isa = PBXBuildFile; fileRef = DBFDB2F31FED8750000CE889 /* ma.wav */; };
		DBFDB3241FED8756000CE889 /* MiyamotoMusashi.wav in Resources */ = {isa = PBXBuildFile; fileRef = DBFDB2F41FED8750000CE889 /* MiyamotoMusashi.wav */; };
		DBFDB3251FED8756000CE889 /* n.wav in Resources */ = {isa = PBXBuildFile; fileRef = DBFDB2F51FED8750000CE889 /* n.wav */; };
		DBFDB3261FED8756000CE889 /* he.wav in Resources */ = {isa = PBXBuildFile; fileRef = DBFDB2F61FED8751000CE889 /* he.wav */; };
		DBFDB3271FED8756000CE889 /* ka.wav in Resources */ = {isa = PBXBuildFile; fileRef = DBFDB2F71FED8751000CE889 /* ka.wav */; };
		DBFDB3281FED8756000CE889 /* me.wav in Resources */ = {isa = PBXBuildFile; fileRef = DBFDB2F81FED8751000CE889 /* me.wav */; };
		DBFDB3291FED8756000CE889 /* ya.wav in Resources */ = {isa = PBXBuildFile; fileRef = DBFDB2F91FED8751000CE889 /* ya.wav */; };
		DBFDB32A1FED8756000CE889 /* re.wav in Resources */ = {isa = PBXBuildFile; fileRef = DBFDB2FA1FED8751000CE889 /* re.wav */; };
		DBFDB32B1FED8756000CE889 /* yo.wav in Resources */ = {isa = PBXBuildFile; fileRef = DBFDB2FB1FED8752000CE889 /* yo.wav */; };
		DBFDB32C1FED8756000CE889 /* ni.wav in Resources */ = {isa = PBXBuildFile; fileRef = DBFDB2FC1FED8752000CE889 /* ni.wav */; };
		DBFDB32D1FED8756000CE889 /* yu.wav in Resources */ = {isa = PBXBuildFile; fileRef = DBFDB2FD1FED8752000CE889 /* yu.wav */; };
		DBFDB32E1FED8756000CE889 /* su.wav in Resources */ = {isa = PBXBuildFile; fileRef = DBFDB2FE1FED8753000CE889 /* su.wav */; };
		DBFDB32F1FED8756000CE889 /* ra.wav in Resources */ = {isa = PBXBuildFile; fileRef = DBFDB2FF1FED8753000CE889 /* ra.wav */; };
		DBFDB3301FED8756000CE889 /* to.wav in Resources */ = {isa = PBXBuildFile; fileRef = DBFDB3001FED8753000CE889 /* to.wav */; };
		DBFDB3311FED8756000CE889 /* wa.wav in Resources */ = {isa = PBXBuildFile; fileRef = DBFDB3011FED8753000CE889 /* wa.wav */; };
		DBFDB3321FED8756000CE889 /* hi.wav in Resources */ = {isa = PBXBuildFile; fileRef = DBFDB3021FED8753000CE889 /* hi.wav */; };
		DBFDB3331FED8756000CE889 /* ko.wav in Resources */ = {isa = PBXBuildFile; fileRef = DBFDB3031FED8754000CE889 /* ko.wav */; };
		DBFDB3341FED8756000CE889 /* ne.wav in Resources */ = {isa = PBXBuildFile; fileRef = DBFDB3041FED8754000CE889 /* ne.wav */; };
		DBFDB3351FED8756000CE889 /* sa.wav in Resources */ = {isa = PBXBuildFile; fileRef = DBFDB3051FED8754000CE889 /* sa.wav */; };
		DBFDB3361FED8756000CE889 /* chi.wav in Resources */ = {isa = PBXBuildFile; fileRef = DBFDB3061FED8754000CE889 /* chi.wav */; };
		DBFDB3371FED8756000CE889 /* nu.wav in Resources */ = {isa = PBXBuildFile; fileRef = DBFDB3071FED8755000CE889 /* nu.wav */; };
		DBFDB3381FED8756000CE889 /* i.wav in Resources */ = {isa = PBXBuildFile; fileRef = DBFDB3081FED8755000CE889 /* i.wav */; };
		DBFDB3391FED8756000CE889 /* ta.wav in Resources */ = {isa = PBXBuildFile; fileRef = DBFDB3091FED8755000CE889 /* ta.wav */; };
		DBFDB33A1FED8756000CE889 /* tsu.wav in Resources */ = {isa = PBXBuildFile; fileRef = DBFDB30A1FED8756000CE889 /* tsu.wav */; };
/* End PBXBuildFile section */

/* Begin PBXFileReference section */
		404F5E4A5AAE2E5267EB9FC5 /* Pods-Gengo2.release.xcconfig */ = {isa = PBXFileReference; includeInIndex = 1; lastKnownFileType = text.xcconfig; name = "Pods-Gengo2.release.xcconfig"; path = "Pods/Target Support Files/Pods-Gengo2/Pods-Gengo2.release.xcconfig"; sourceTree = "<group>"; };
		46E1895DB1980FDC7C91A166 /* Pods_Gengo2.framework */ = {isa = PBXFileReference; explicitFileType = wrapper.framework; includeInIndex = 0; path = Pods_Gengo2.framework; sourceTree = BUILT_PRODUCTS_DIR; };
		93FF13EDBDD49B31A15D930A /* Pods-Gengo2.debug.xcconfig */ = {isa = PBXFileReference; includeInIndex = 1; lastKnownFileType = text.xcconfig; name = "Pods-Gengo2.debug.xcconfig"; path = "Pods/Target Support Files/Pods-Gengo2/Pods-Gengo2.debug.xcconfig"; sourceTree = "<group>"; };
		DBDEDCC81FF2D77F009F4E91 /* LessonViewController.swift */ = {isa = PBXFileReference; lastKnownFileType = sourcecode.swift; path = LessonViewController.swift; sourceTree = "<group>"; };
		DBDEDCCA1FF2D86A009F4E91 /* LessonTableViewCell.swift */ = {isa = PBXFileReference; lastKnownFileType = sourcecode.swift; path = LessonTableViewCell.swift; sourceTree = "<group>"; };
		DBDEDCCC1FF2DF38009F4E91 /* ProfileViewController.swift */ = {isa = PBXFileReference; lastKnownFileType = sourcecode.swift; path = ProfileViewController.swift; sourceTree = "<group>"; };
		DBDEDCCE1FF2DF49009F4E91 /* ProfileTableViewCell.swift */ = {isa = PBXFileReference; lastKnownFileType = sourcecode.swift; path = ProfileTableViewCell.swift; sourceTree = "<group>"; };
		DBFDB2BC1FED7B3F000CE889 /* Gengo2.app */ = {isa = PBXFileReference; explicitFileType = wrapper.application; includeInIndex = 0; path = Gengo2.app; sourceTree = BUILT_PRODUCTS_DIR; };
		DBFDB2BF1FED7B3F000CE889 /* AppDelegate.swift */ = {isa = PBXFileReference; lastKnownFileType = sourcecode.swift; path = AppDelegate.swift; sourceTree = "<group>"; };
		DBFDB2C11FED7B3F000CE889 /* LoginViewController.swift */ = {isa = PBXFileReference; lastKnownFileType = sourcecode.swift; path = LoginViewController.swift; sourceTree = "<group>"; };
		DBFDB2C41FED7B3F000CE889 /* Base */ = {isa = PBXFileReference; lastKnownFileType = file.storyboard; name = Base; path = Base.lproj/Main.storyboard; sourceTree = "<group>"; };
		DBFDB2C71FED7B3F000CE889 /* Gengo2.xcdatamodel */ = {isa = PBXFileReference; lastKnownFileType = wrapper.xcdatamodel; path = Gengo2.xcdatamodel; sourceTree = "<group>"; };
		DBFDB2CC1FED7B3F000CE889 /* Base */ = {isa = PBXFileReference; lastKnownFileType = file.storyboard; name = Base; path = Base.lproj/LaunchScreen.storyboard; sourceTree = "<group>"; };
		DBFDB2CE1FED7B3F000CE889 /* Info.plist */ = {isa = PBXFileReference; lastKnownFileType = text.plist.xml; path = Info.plist; sourceTree = "<group>"; };
		DBFDB2D41FED7FD5000CE889 /* GoogleService-Info.plist */ = {isa = PBXFileReference; fileEncoding = 4; lastKnownFileType = text.plist.xml; path = "GoogleService-Info.plist"; sourceTree = "<group>"; };
		DBFDB2D61FED86B6000CE889 /* Assets.xcassets */ = {isa = PBXFileReference; lastKnownFileType = folder.assetcatalog; path = Assets.xcassets; sourceTree = "<group>"; };
		DBFDB2DB1FED874B000CE889 /* te.wav */ = {isa = PBXFileReference; lastKnownFileType = audio.wav; path = te.wav; sourceTree = "<group>"; };
		DBFDB2DC1FED874B000CE889 /* ri.wav */ = {isa = PBXFileReference; lastKnownFileType = audio.wav; path = ri.wav; sourceTree = "<group>"; };
		DBFDB2DD1FED874B000CE889 /* ro.wav */ = {isa = PBXFileReference; lastKnownFileType = audio.wav; path = ro.wav; sourceTree = "<group>"; };
		DBFDB2DE1FED874B000CE889 /* so.wav */ = {isa = PBXFileReference; lastKnownFileType = audio.wav; path = so.wav; sourceTree = "<group>"; };
		DBFDB2DF1FED874C000CE889 /* ha.wav */ = {isa = PBXFileReference; lastKnownFileType = audio.wav; path = ha.wav; sourceTree = "<group>"; };
		DBFDB2E01FED874C000CE889 /* ho.wav */ = {isa = PBXFileReference; lastKnownFileType = audio.wav; path = ho.wav; sourceTree = "<group>"; };
		DBFDB2E11FED874C000CE889 /* ku.wav */ = {isa = PBXFileReference; lastKnownFileType = audio.wav; path = ku.wav; sourceTree = "<group>"; };
		DBFDB2E21FED874C000CE889 /* mu.wav */ = {isa = PBXFileReference; lastKnownFileType = audio.wav; path = mu.wav; sourceTree = "<group>"; };
		DBFDB2E31FED874C000CE889 /* no.wav */ = {isa = PBXFileReference; lastKnownFileType = audio.wav; path = no.wav; sourceTree = "<group>"; };
		DBFDB2E41FED874C000CE889 /* o.wav */ = {isa = PBXFileReference; lastKnownFileType = audio.wav; path = o.wav; sourceTree = "<group>"; };
		DBFDB2E51FED874D000CE889 /* e.wav */ = {isa = PBXFileReference; lastKnownFileType = audio.wav; path = e.wav; sourceTree = "<group>"; };
		DBFDB2E61FED874D000CE889 /* se.wav */ = {isa = PBXFileReference; lastKnownFileType = audio.wav; path = se.wav; sourceTree = "<group>"; };
		DBFDB2E71FED874D000CE889 /* gamesong.mp3 */ = {isa = PBXFileReference; lastKnownFileType = audio.mp3; path = gamesong.mp3; sourceTree = "<group>"; };
		DBFDB2E81FED874E000CE889 /* mo.wav */ = {isa = PBXFileReference; lastKnownFileType = audio.wav; path = mo.wav; sourceTree = "<group>"; };
		DBFDB2E91FED874E000CE889 /* na.wav */ = {isa = PBXFileReference; lastKnownFileType = audio.wav; path = na.wav; sourceTree = "<group>"; };
		DBFDB2EA1FED874E000CE889 /* ru.wav */ = {isa = PBXFileReference; lastKnownFileType = audio.wav; path = ru.wav; sourceTree = "<group>"; };
		DBFDB2EB1FED874E000CE889 /* fu.wav */ = {isa = PBXFileReference; lastKnownFileType = audio.wav; path = fu.wav; sourceTree = "<group>"; };
		DBFDB2EC1FED874E000CE889 /* u.wav */ = {isa = PBXFileReference; lastKnownFileType = audio.wav; path = u.wav; sourceTree = "<group>"; };
		DBFDB2ED1FED874E000CE889 /* mi.wav */ = {isa = PBXFileReference; lastKnownFileType = audio.wav; path = mi.wav; sourceTree = "<group>"; };
		DBFDB2EE1FED874F000CE889 /* shi.wav */ = {isa = PBXFileReference; lastKnownFileType = audio.wav; path = shi.wav; sourceTree = "<group>"; };
		DBFDB2EF1FED874F000CE889 /* wo.wav */ = {isa = PBXFileReference; lastKnownFileType = audio.wav; path = wo.wav; sourceTree = "<group>"; };
		DBFDB2F01FED874F000CE889 /* a.wav */ = {isa = PBXFileReference; lastKnownFileType = audio.wav; path = a.wav; sourceTree = "<group>"; };
		DBFDB2F11FED874F000CE889 /* ke.wav */ = {isa = PBXFileReference; lastKnownFileType = audio.wav; path = ke.wav; sourceTree = "<group>"; };
		DBFDB2F21FED8750000CE889 /* ki.wav */ = {isa = PBXFileReference; lastKnownFileType = audio.wav; path = ki.wav; sourceTree = "<group>"; };
		DBFDB2F31FED8750000CE889 /* ma.wav */ = {isa = PBXFileReference; lastKnownFileType = audio.wav; path = ma.wav; sourceTree = "<group>"; };
		DBFDB2F41FED8750000CE889 /* MiyamotoMusashi.wav */ = {isa = PBXFileReference; lastKnownFileType = audio.wav; path = MiyamotoMusashi.wav; sourceTree = "<group>"; };
		DBFDB2F51FED8750000CE889 /* n.wav */ = {isa = PBXFileReference; lastKnownFileType = audio.wav; path = n.wav; sourceTree = "<group>"; };
		DBFDB2F61FED8751000CE889 /* he.wav */ = {isa = PBXFileReference; lastKnownFileType = audio.wav; path = he.wav; sourceTree = "<group>"; };
		DBFDB2F71FED8751000CE889 /* ka.wav */ = {isa = PBXFileReference; lastKnownFileType = audio.wav; path = ka.wav; sourceTree = "<group>"; };
		DBFDB2F81FED8751000CE889 /* me.wav */ = {isa = PBXFileReference; lastKnownFileType = audio.wav; path = me.wav; sourceTree = "<group>"; };
		DBFDB2F91FED8751000CE889 /* ya.wav */ = {isa = PBXFileReference; lastKnownFileType = audio.wav; path = ya.wav; sourceTree = "<group>"; };
		DBFDB2FA1FED8751000CE889 /* re.wav */ = {isa = PBXFileReference; lastKnownFileType = audio.wav; path = re.wav; sourceTree = "<group>"; };
		DBFDB2FB1FED8752000CE889 /* yo.wav */ = {isa = PBXFileReference; lastKnownFileType = audio.wav; path = yo.wav; sourceTree = "<group>"; };
		DBFDB2FC1FED8752000CE889 /* ni.wav */ = {isa = PBXFileReference; lastKnownFileType = audio.wav; path = ni.wav; sourceTree = "<group>"; };
		DBFDB2FD1FED8752000CE889 /* yu.wav */ = {isa = PBXFileReference; lastKnownFileType = audio.wav; path = yu.wav; sourceTree = "<group>"; };
		DBFDB2FE1FED8753000CE889 /* su.wav */ = {isa = PBXFileReference; lastKnownFileType = audio.wav; path = su.wav; sourceTree = "<group>"; };
		DBFDB2FF1FED8753000CE889 /* ra.wav */ = {isa = PBXFileReference; lastKnownFileType = audio.wav; path = ra.wav; sourceTree = "<group>"; };
		DBFDB3001FED8753000CE889 /* to.wav */ = {isa = PBXFileReference; lastKnownFileType = audio.wav; path = to.wav; sourceTree = "<group>"; };
		DBFDB3011FED8753000CE889 /* wa.wav */ = {isa = PBXFileReference; lastKnownFileType = audio.wav; path = wa.wav; sourceTree = "<group>"; };
		DBFDB3021FED8753000CE889 /* hi.wav */ = {isa = PBXFileReference; lastKnownFileType = audio.wav; path = hi.wav; sourceTree = "<group>"; };
		DBFDB3031FED8754000CE889 /* ko.wav */ = {isa = PBXFileReference; lastKnownFileType = audio.wav; path = ko.wav; sourceTree = "<group>"; };
		DBFDB3041FED8754000CE889 /* ne.wav */ = {isa = PBXFileReference; lastKnownFileType = audio.wav; path = ne.wav; sourceTree = "<group>"; };
		DBFDB3051FED8754000CE889 /* sa.wav */ = {isa = PBXFileReference; lastKnownFileType = audio.wav; path = sa.wav; sourceTree = "<group>"; };
		DBFDB3061FED8754000CE889 /* chi.wav */ = {isa = PBXFileReference; lastKnownFileType = audio.wav; path = chi.wav; sourceTree = "<group>"; };
		DBFDB3071FED8755000CE889 /* nu.wav */ = {isa = PBXFileReference; lastKnownFileType = audio.wav; path = nu.wav; sourceTree = "<group>"; };
		DBFDB3081FED8755000CE889 /* i.wav */ = {isa = PBXFileReference; lastKnownFileType = audio.wav; path = i.wav; sourceTree = "<group>"; };
		DBFDB3091FED8755000CE889 /* ta.wav */ = {isa = PBXFileReference; lastKnownFileType = audio.wav; path = ta.wav; sourceTree = "<group>"; };
		DBFDB30A1FED8756000CE889 /* tsu.wav */ = {isa = PBXFileReference; lastKnownFileType = audio.wav; path = tsu.wav; sourceTree = "<group>"; };
		DBFDB33C1FED90CD000CE889 /* Very Simple Chalk.ttf */ = {isa = PBXFileReference; lastKnownFileType = file; path = "Very Simple Chalk.ttf"; sourceTree = "<group>"; };
/* End PBXFileReference section */

/* Begin PBXFrameworksBuildPhase section */
		DBFDB2B91FED7B3F000CE889 /* Frameworks */ = {
			isa = PBXFrameworksBuildPhase;
			buildActionMask = 2147483647;
			files = (
				9CC2F1F3D5B74CB65BFE6FD5 /* Pods_Gengo2.framework in Frameworks */,
			);
			runOnlyForDeploymentPostprocessing = 0;
		};
/* End PBXFrameworksBuildPhase section */

/* Begin PBXGroup section */
		26C7634CCB6F5127FB7CBF51 /* Pods */ = {
			isa = PBXGroup;
			children = (
				93FF13EDBDD49B31A15D930A /* Pods-Gengo2.debug.xcconfig */,
				404F5E4A5AAE2E5267EB9FC5 /* Pods-Gengo2.release.xcconfig */,
			);
			name = Pods;
			sourceTree = "<group>";
		};
		893F69CEFA90B47CF78E052D /* Frameworks */ = {
			isa = PBXGroup;
			children = (
				46E1895DB1980FDC7C91A166 /* Pods_Gengo2.framework */,
			);
			name = Frameworks;
			sourceTree = "<group>";
		};
		DBDEDCC71FF2D748009F4E91 /* Controllers */ = {
			isa = PBXGroup;
			children = (
				DBDEDCC81FF2D77F009F4E91 /* LessonViewController.swift */,
				DBDEDCCC1FF2DF38009F4E91 /* ProfileViewController.swift */,
			);
			path = Controllers;
			sourceTree = "<group>";
		};
		DBFDB2B31FED7B3F000CE889 = {
			isa = PBXGroup;
			children = (
				DBFDB2BE1FED7B3F000CE889 /* Gengo2 */,
				DBFDB2BD1FED7B3F000CE889 /* Products */,
				26C7634CCB6F5127FB7CBF51 /* Pods */,
				893F69CEFA90B47CF78E052D /* Frameworks */,
			);
			sourceTree = "<group>";
		};
		DBFDB2BD1FED7B3F000CE889 /* Products */ = {
			isa = PBXGroup;
			children = (
				DBFDB2BC1FED7B3F000CE889 /* Gengo2.app */,
			);
			name = Products;
			sourceTree = "<group>";
		};
		DBFDB2BE1FED7B3F000CE889 /* Gengo2 */ = {
			isa = PBXGroup;
			children = (
				DBDEDCC71FF2D748009F4E91 /* Controllers */,
				DBFDB33D1FED90D1000CE889 /* Config Files */,
				DBFDB2D81FED8717000CE889 /* Model */,
				DBFDB2BF1FED7B3F000CE889 /* AppDelegate.swift */,
				DBFDB2C11FED7B3F000CE889 /* LoginViewController.swift */,
				DBFDB2C31FED7B3F000CE889 /* Main.storyboard */,
				DBFDB2D61FED86B6000CE889 /* Assets.xcassets */,
				DBFDB2CB1FED7B3F000CE889 /* LaunchScreen.storyboard */,
				DBFDB2CE1FED7B3F000CE889 /* Info.plist */,
			);
			path = Gengo2;
			sourceTree = "<group>";
		};
		DBFDB2D81FED8717000CE889 /* Model */ = {
			isa = PBXGroup;
			children = (
				DBFDB33B1FED8764000CE889 /* Audio */,
				DBDEDCCA1FF2D86A009F4E91 /* LessonTableViewCell.swift */,
				DBDEDCCE1FF2DF49009F4E91 /* ProfileTableViewCell.swift */,
			);
			path = Model;
			sourceTree = "<group>";
		};
		DBFDB33B1FED8764000CE889 /* Audio */ = {
			isa = PBXGroup;
			children = (
				DBFDB2F01FED874F000CE889 /* a.wav */,
				DBFDB3061FED8754000CE889 /* chi.wav */,
				DBFDB2E51FED874D000CE889 /* e.wav */,
				DBFDB2EB1FED874E000CE889 /* fu.wav */,
				DBFDB2E71FED874D000CE889 /* gamesong.mp3 */,
				DBFDB2DF1FED874C000CE889 /* ha.wav */,
				DBFDB2F61FED8751000CE889 /* he.wav */,
				DBFDB3021FED8753000CE889 /* hi.wav */,
				DBFDB2E01FED874C000CE889 /* ho.wav */,
				DBFDB3081FED8755000CE889 /* i.wav */,
				DBFDB2F71FED8751000CE889 /* ka.wav */,
				DBFDB2F11FED874F000CE889 /* ke.wav */,
				DBFDB2F21FED8750000CE889 /* ki.wav */,
				DBFDB3031FED8754000CE889 /* ko.wav */,
				DBFDB2E11FED874C000CE889 /* ku.wav */,
				DBFDB2F31FED8750000CE889 /* ma.wav */,
				DBFDB2F81FED8751000CE889 /* me.wav */,
				DBFDB2ED1FED874E000CE889 /* mi.wav */,
				DBFDB2F41FED8750000CE889 /* MiyamotoMusashi.wav */,
				DBFDB2E81FED874E000CE889 /* mo.wav */,
				DBFDB2E21FED874C000CE889 /* mu.wav */,
				DBFDB2F51FED8750000CE889 /* n.wav */,
				DBFDB2E91FED874E000CE889 /* na.wav */,
				DBFDB3041FED8754000CE889 /* ne.wav */,
				DBFDB2FC1FED8752000CE889 /* ni.wav */,
				DBFDB2E31FED874C000CE889 /* no.wav */,
				DBFDB3071FED8755000CE889 /* nu.wav */,
				DBFDB2E41FED874C000CE889 /* o.wav */,
				DBFDB2FF1FED8753000CE889 /* ra.wav */,
				DBFDB2FA1FED8751000CE889 /* re.wav */,
				DBFDB2DC1FED874B000CE889 /* ri.wav */,
				DBFDB2DD1FED874B000CE889 /* ro.wav */,
				DBFDB2EA1FED874E000CE889 /* ru.wav */,
				DBFDB3051FED8754000CE889 /* sa.wav */,
				DBFDB2E61FED874D000CE889 /* se.wav */,
				DBFDB2EE1FED874F000CE889 /* shi.wav */,
				DBFDB2DE1FED874B000CE889 /* so.wav */,
				DBFDB2FE1FED8753000CE889 /* su.wav */,
				DBFDB3091FED8755000CE889 /* ta.wav */,
				DBFDB2DB1FED874B000CE889 /* te.wav */,
				DBFDB3001FED8753000CE889 /* to.wav */,
				DBFDB30A1FED8756000CE889 /* tsu.wav */,
				DBFDB2EC1FED874E000CE889 /* u.wav */,
				DBFDB3011FED8753000CE889 /* wa.wav */,
				DBFDB2EF1FED874F000CE889 /* wo.wav */,
				DBFDB2F91FED8751000CE889 /* ya.wav */,
				DBFDB2FB1FED8752000CE889 /* yo.wav */,
				DBFDB2FD1FED8752000CE889 /* yu.wav */,
			);
			path = Audio;
			sourceTree = "<group>";
		};
		DBFDB33D1FED90D1000CE889 /* Config Files */ = {
			isa = PBXGroup;
			children = (
				DBFDB2D41FED7FD5000CE889 /* GoogleService-Info.plist */,
				DBFDB33C1FED90CD000CE889 /* Very Simple Chalk.ttf */,
				DBFDB2C61FED7B3F000CE889 /* Gengo2.xcdatamodeld */,
			);
			path = "Config Files";
			sourceTree = "<group>";
		};
/* End PBXGroup section */

/* Begin PBXNativeTarget section */
		DBFDB2BB1FED7B3F000CE889 /* Gengo2 */ = {
			isa = PBXNativeTarget;
			buildConfigurationList = DBFDB2D11FED7B3F000CE889 /* Build configuration list for PBXNativeTarget "Gengo2" */;
			buildPhases = (
				F1DA73C2271774183458AA62 /* [CP] Check Pods Manifest.lock */,
				DBFDB2B81FED7B3F000CE889 /* Sources */,
				DBFDB2B91FED7B3F000CE889 /* Frameworks */,
				DBFDB2BA1FED7B3F000CE889 /* Resources */,
				5C89E264D420B99B73B303BD /* [CP] Embed Pods Frameworks */,
				F72F88254794D2FAAC0AB489 /* [CP] Copy Pods Resources */,
			);
			buildRules = (
			);
			dependencies = (
			);
			name = Gengo2;
			productName = Gengo2;
			productReference = DBFDB2BC1FED7B3F000CE889 /* Gengo2.app */;
			productType = "com.apple.product-type.application";
		};
/* End PBXNativeTarget section */

/* Begin PBXProject section */
		DBFDB2B41FED7B3F000CE889 /* Project object */ = {
			isa = PBXProject;
			attributes = {
				LastSwiftUpdateCheck = 0920;
				LastUpgradeCheck = 0920;
				ORGANIZATIONNAME = Giacomuzzi;
				TargetAttributes = {
					DBFDB2BB1FED7B3F000CE889 = {
						CreatedOnToolsVersion = 9.2;
						ProvisioningStyle = Automatic;
					};
				};
			};
			buildConfigurationList = DBFDB2B71FED7B3F000CE889 /* Build configuration list for PBXProject "Gengo2" */;
			compatibilityVersion = "Xcode 8.0";
			developmentRegion = en;
			hasScannedForEncodings = 0;
			knownRegions = (
				en,
				Base,
			);
			mainGroup = DBFDB2B31FED7B3F000CE889;
			productRefGroup = DBFDB2BD1FED7B3F000CE889 /* Products */;
			projectDirPath = "";
			projectRoot = "";
			targets = (
				DBFDB2BB1FED7B3F000CE889 /* Gengo2 */,
			);
		};
/* End PBXProject section */

/* Begin PBXResourcesBuildPhase section */
		DBFDB2BA1FED7B3F000CE889 /* Resources */ = {
			isa = PBXResourcesBuildPhase;
			buildActionMask = 2147483647;
			files = (
				DBFDB32D1FED8756000CE889 /* yu.wav in Resources */,
				DBFDB3241FED8756000CE889 /* MiyamotoMusashi.wav in Resources */,
				DBFDB31F1FED8756000CE889 /* wo.wav in Resources */,
				DBFDB32F1FED8756000CE889 /* ra.wav in Resources */,
				DBFDB31C1FED8756000CE889 /* u.wav in Resources */,
				DBFDB3211FED8756000CE889 /* ke.wav in Resources */,
				DBFDB3181FED8756000CE889 /* mo.wav in Resources */,
				DBFDB32C1FED8756000CE889 /* ni.wav in Resources */,
				DBFDB3191FED8756000CE889 /* na.wav in Resources */,
				DBFDB3391FED8756000CE889 /* ta.wav in Resources */,
				DBFDB3131FED8756000CE889 /* no.wav in Resources */,
				DBFDB3331FED8756000CE889 /* ko.wav in Resources */,
				DBFDB3121FED8756000CE889 /* mu.wav in Resources */,
				DBFDB32E1FED8756000CE889 /* su.wav in Resources */,
				DBFDB30B1FED8756000CE889 /* te.wav in Resources */,
				DBFDB3271FED8756000CE889 /* ka.wav in Resources */,
				DBFDB31B1FED8756000CE889 /* fu.wav in Resources */,
				DBFDB3231FED8756000CE889 /* ma.wav in Resources */,
				DBFDB31A1FED8756000CE889 /* ru.wav in Resources */,
				DBFDB2CD1FED7B3F000CE889 /* LaunchScreen.storyboard in Resources */,
				DBFDB2D71FED86B6000CE889 /* Assets.xcassets in Resources */,
				DBFDB30F1FED8756000CE889 /* ha.wav in Resources */,
				DBFDB3351FED8756000CE889 /* sa.wav in Resources */,
				DBFDB3261FED8756000CE889 /* he.wav in Resources */,
				DBFDB3201FED8756000CE889 /* a.wav in Resources */,
				DBFDB3151FED8756000CE889 /* e.wav in Resources */,
				DBFDB32B1FED8756000CE889 /* yo.wav in Resources */,
				DBFDB3111FED8756000CE889 /* ku.wav in Resources */,
				DBFDB2D51FED7FD5000CE889 /* GoogleService-Info.plist in Resources */,
				DBFDB32A1FED8756000CE889 /* re.wav in Resources */,
				DBFDB3101FED8756000CE889 /* ho.wav in Resources */,
				DBFDB31E1FED8756000CE889 /* shi.wav in Resources */,
				DBFDB3251FED8756000CE889 /* n.wav in Resources */,
				DBFDB3371FED8756000CE889 /* nu.wav in Resources */,
				DBFDB3161FED8756000CE889 /* se.wav in Resources */,
				DBFDB3291FED8756000CE889 /* ya.wav in Resources */,
				DBFDB30E1FED8756000CE889 /* so.wav in Resources */,
				DBFDB3171FED8756000CE889 /* gamesong.mp3 in Resources */,
				DBFDB3311FED8756000CE889 /* wa.wav in Resources */,
				DBFDB3381FED8756000CE889 /* i.wav in Resources */,
				DBFDB3221FED8756000CE889 /* ki.wav in Resources */,
				DBFDB30D1FED8756000CE889 /* ro.wav in Resources */,
				DBFDB3361FED8756000CE889 /* chi.wav in Resources */,
				DBFDB2C51FED7B3F000CE889 /* Main.storyboard in Resources */,
				DBFDB3301FED8756000CE889 /* to.wav in Resources */,
				DBFDB3281FED8756000CE889 /* me.wav in Resources */,
				DBFDB31D1FED8756000CE889 /* mi.wav in Resources */,
				DBFDB3141FED8756000CE889 /* o.wav in Resources */,
				DBFDB3341FED8756000CE889 /* ne.wav in Resources */,
				DBFDB30C1FED8756000CE889 /* ri.wav in Resources */,
				DBFDB3321FED8756000CE889 /* hi.wav in Resources */,
				DBFDB33A1FED8756000CE889 /* tsu.wav in Resources */,
			);
			runOnlyForDeploymentPostprocessing = 0;
		};
/* End PBXResourcesBuildPhase section */

/* Begin PBXShellScriptBuildPhase section */
		5C89E264D420B99B73B303BD /* [CP] Embed Pods Frameworks */ = {
			isa = PBXShellScriptBuildPhase;
			buildActionMask = 2147483647;
			files = (
			);
			inputPaths = (
				"${SRCROOT}/Pods/Target Support Files/Pods-Gengo2/Pods-Gengo2-frameworks.sh",
				"${BUILT_PRODUCTS_DIR}/ChameleonFramework/ChameleonFramework.framework",
				"${BUILT_PRODUCTS_DIR}/GTMSessionFetcher/GTMSessionFetcher.framework",
				"${BUILT_PRODUCTS_DIR}/GoogleToolboxForMac/GoogleToolboxForMac.framework",
				"${BUILT_PRODUCTS_DIR}/Protobuf/Protobuf.framework",
				"${BUILT_PRODUCTS_DIR}/leveldb-library/leveldb.framework",
				"${BUILT_PRODUCTS_DIR}/nanopb/nanopb.framework",
			);
			name = "[CP] Embed Pods Frameworks";
			outputPaths = (
				"${TARGET_BUILD_DIR}/${FRAMEWORKS_FOLDER_PATH}/ChameleonFramework.framework",
				"${TARGET_BUILD_DIR}/${FRAMEWORKS_FOLDER_PATH}/GTMSessionFetcher.framework",
				"${TARGET_BUILD_DIR}/${FRAMEWORKS_FOLDER_PATH}/GoogleToolboxForMac.framework",
				"${TARGET_BUILD_DIR}/${FRAMEWORKS_FOLDER_PATH}/Protobuf.framework",
				"${TARGET_BUILD_DIR}/${FRAMEWORKS_FOLDER_PATH}/leveldb.framework",
				"${TARGET_BUILD_DIR}/${FRAMEWORKS_FOLDER_PATH}/nanopb.framework",
			);
			runOnlyForDeploymentPostprocessing = 0;
			shellPath = /bin/sh;
			shellScript = "\"${SRCROOT}/Pods/Target Support Files/Pods-Gengo2/Pods-Gengo2-frameworks.sh\"\n";
			showEnvVarsInLog = 0;
		};
		F1DA73C2271774183458AA62 /* [CP] Check Pods Manifest.lock */ = {
			isa = PBXShellScriptBuildPhase;
			buildActionMask = 2147483647;
			files = (
			);
			inputPaths = (
				"${PODS_PODFILE_DIR_PATH}/Podfile.lock",
				"${PODS_ROOT}/Manifest.lock",
			);
			name = "[CP] Check Pods Manifest.lock";
			outputPaths = (
				"$(DERIVED_FILE_DIR)/Pods-Gengo2-checkManifestLockResult.txt",
			);
			runOnlyForDeploymentPostprocessing = 0;
			shellPath = /bin/sh;
			shellScript = "diff \"${PODS_PODFILE_DIR_PATH}/Podfile.lock\" \"${PODS_ROOT}/Manifest.lock\" > /dev/null\nif [ $? != 0 ] ; then\n    # print error to STDERR\n    echo \"error: The sandbox is not in sync with the Podfile.lock. Run 'pod install' or update your CocoaPods installation.\" >&2\n    exit 1\nfi\n# This output is used by Xcode 'outputs' to avoid re-running this script phase.\necho \"SUCCESS\" > \"${SCRIPT_OUTPUT_FILE_0}\"\n";
			showEnvVarsInLog = 0;
		};
		F72F88254794D2FAAC0AB489 /* [CP] Copy Pods Resources */ = {
			isa = PBXShellScriptBuildPhase;
			buildActionMask = 2147483647;
			files = (
			);
			inputPaths = (
			);
			name = "[CP] Copy Pods Resources";
			outputPaths = (
			);
			runOnlyForDeploymentPostprocessing = 0;
			shellPath = /bin/sh;
			shellScript = "\"${SRCROOT}/Pods/Target Support Files/Pods-Gengo2/Pods-Gengo2-resources.sh\"\n";
			showEnvVarsInLog = 0;
		};
/* End PBXShellScriptBuildPhase section */

/* Begin PBXSourcesBuildPhase section */
		DBFDB2B81FED7B3F000CE889 /* Sources */ = {
			isa = PBXSourcesBuildPhase;
			buildActionMask = 2147483647;
			files = (
				DBDEDCCD1FF2DF38009F4E91 /* ProfileViewController.swift in Sources */,
				DBDEDCCF1FF2DF49009F4E91 /* ProfileTableViewCell.swift in Sources */,
				DBDEDCC91FF2D77F009F4E91 /* LessonViewController.swift in Sources */,
				DBFDB2C21FED7B3F000CE889 /* LoginViewController.swift in Sources */,
				DBFDB2C81FED7B3F000CE889 /* Gengo2.xcdatamodeld in Sources */,
				DBDEDCCB1FF2D86A009F4E91 /* LessonTableViewCell.swift in Sources */,
				DBFDB2C01FED7B3F000CE889 /* AppDelegate.swift in Sources */,
			);
			runOnlyForDeploymentPostprocessing = 0;
		};
/* End PBXSourcesBuildPhase section */

/* Begin PBXVariantGroup section */
		DBFDB2C31FED7B3F000CE889 /* Main.storyboard */ = {
			isa = PBXVariantGroup;
			children = (
				DBFDB2C41FED7B3F000CE889 /* Base */,
			);
			name = Main.storyboard;
			sourceTree = "<group>";
		};
		DBFDB2CB1FED7B3F000CE889 /* LaunchScreen.storyboard */ = {
			isa = PBXVariantGroup;
			children = (
				DBFDB2CC1FED7B3F000CE889 /* Base */,
			);
			name = LaunchScreen.storyboard;
			sourceTree = "<group>";
		};
/* End PBXVariantGroup section */

/* Begin XCBuildConfiguration section */
		DBFDB2CF1FED7B3F000CE889 /* Debug */ = {
			isa = XCBuildConfiguration;
			buildSettings = {
				ALWAYS_SEARCH_USER_PATHS = NO;
				CLANG_ANALYZER_NONNULL = YES;
				CLANG_ANALYZER_NUMBER_OBJECT_CONVERSION = YES_AGGRESSIVE;
				CLANG_CXX_LANGUAGE_STANDARD = "gnu++14";
				CLANG_CXX_LIBRARY = "libc++";
				CLANG_ENABLE_MODULES = YES;
				CLANG_ENABLE_OBJC_ARC = YES;
				CLANG_WARN_BLOCK_CAPTURE_AUTORELEASING = YES;
				CLANG_WARN_BOOL_CONVERSION = YES;
				CLANG_WARN_COMMA = YES;
				CLANG_WARN_CONSTANT_CONVERSION = YES;
				CLANG_WARN_DIRECT_OBJC_ISA_USAGE = YES_ERROR;
				CLANG_WARN_DOCUMENTATION_COMMENTS = YES;
				CLANG_WARN_EMPTY_BODY = YES;
				CLANG_WARN_ENUM_CONVERSION = YES;
				CLANG_WARN_INFINITE_RECURSION = YES;
				CLANG_WARN_INT_CONVERSION = YES;
				CLANG_WARN_NON_LITERAL_NULL_CONVERSION = YES;
				CLANG_WARN_OBJC_LITERAL_CONVERSION = YES;
				CLANG_WARN_OBJC_ROOT_CLASS = YES_ERROR;
				CLANG_WARN_RANGE_LOOP_ANALYSIS = YES;
				CLANG_WARN_STRICT_PROTOTYPES = YES;
				CLANG_WARN_SUSPICIOUS_MOVE = YES;
				CLANG_WARN_UNGUARDED_AVAILABILITY = YES_AGGRESSIVE;
				CLANG_WARN_UNREACHABLE_CODE = YES;
				CLANG_WARN__DUPLICATE_METHOD_MATCH = YES;
				CODE_SIGN_IDENTITY = "iPhone Developer";
				COPY_PHASE_STRIP = NO;
				DEBUG_INFORMATION_FORMAT = dwarf;
				ENABLE_STRICT_OBJC_MSGSEND = YES;
				ENABLE_TESTABILITY = YES;
				GCC_C_LANGUAGE_STANDARD = gnu11;
				GCC_DYNAMIC_NO_PIC = NO;
				GCC_NO_COMMON_BLOCKS = YES;
				GCC_OPTIMIZATION_LEVEL = 0;
				GCC_PREPROCESSOR_DEFINITIONS = (
					"DEBUG=1",
					"$(inherited)",
				);
				GCC_WARN_64_TO_32_BIT_CONVERSION = YES;
				GCC_WARN_ABOUT_RETURN_TYPE = YES_ERROR;
				GCC_WARN_UNDECLARED_SELECTOR = YES;
				GCC_WARN_UNINITIALIZED_AUTOS = YES_AGGRESSIVE;
				GCC_WARN_UNUSED_FUNCTION = YES;
				GCC_WARN_UNUSED_VARIABLE = YES;
				IPHONEOS_DEPLOYMENT_TARGET = 11.2;
				MTL_ENABLE_DEBUG_INFO = YES;
				ONLY_ACTIVE_ARCH = YES;
				SDKROOT = iphoneos;
				SWIFT_ACTIVE_COMPILATION_CONDITIONS = DEBUG;
				SWIFT_OPTIMIZATION_LEVEL = "-Onone";
			};
			name = Debug;
		};
		DBFDB2D01FED7B3F000CE889 /* Release */ = {
			isa = XCBuildConfiguration;
			buildSettings = {
				ALWAYS_SEARCH_USER_PATHS = NO;
				CLANG_ANALYZER_NONNULL = YES;
				CLANG_ANALYZER_NUMBER_OBJECT_CONVERSION = YES_AGGRESSIVE;
				CLANG_CXX_LANGUAGE_STANDARD = "gnu++14";
				CLANG_CXX_LIBRARY = "libc++";
				CLANG_ENABLE_MODULES = YES;
				CLANG_ENABLE_OBJC_ARC = YES;
				CLANG_WARN_BLOCK_CAPTURE_AUTORELEASING = YES;
				CLANG_WARN_BOOL_CONVERSION = YES;
				CLANG_WARN_COMMA = YES;
				CLANG_WARN_CONSTANT_CONVERSION = YES;
				CLANG_WARN_DIRECT_OBJC_ISA_USAGE = YES_ERROR;
				CLANG_WARN_DOCUMENTATION_COMMENTS = YES;
				CLANG_WARN_EMPTY_BODY = YES;
				CLANG_WARN_ENUM_CONVERSION = YES;
				CLANG_WARN_INFINITE_RECURSION = YES;
				CLANG_WARN_INT_CONVERSION = YES;
				CLANG_WARN_NON_LITERAL_NULL_CONVERSION = YES;
				CLANG_WARN_OBJC_LITERAL_CONVERSION = YES;
				CLANG_WARN_OBJC_ROOT_CLASS = YES_ERROR;
				CLANG_WARN_RANGE_LOOP_ANALYSIS = YES;
				CLANG_WARN_STRICT_PROTOTYPES = YES;
				CLANG_WARN_SUSPICIOUS_MOVE = YES;
				CLANG_WARN_UNGUARDED_AVAILABILITY = YES_AGGRESSIVE;
				CLANG_WARN_UNREACHABLE_CODE = YES;
				CLANG_WARN__DUPLICATE_METHOD_MATCH = YES;
				CODE_SIGN_IDENTITY = "iPhone Developer";
				COPY_PHASE_STRIP = NO;
				DEBUG_INFORMATION_FORMAT = "dwarf-with-dsym";
				ENABLE_NS_ASSERTIONS = NO;
				ENABLE_STRICT_OBJC_MSGSEND = YES;
				GCC_C_LANGUAGE_STANDARD = gnu11;
				GCC_NO_COMMON_BLOCKS = YES;
				GCC_WARN_64_TO_32_BIT_CONVERSION = YES;
				GCC_WARN_ABOUT_RETURN_TYPE = YES_ERROR;
				GCC_WARN_UNDECLARED_SELECTOR = YES;
				GCC_WARN_UNINITIALIZED_AUTOS = YES_AGGRESSIVE;
				GCC_WARN_UNUSED_FUNCTION = YES;
				GCC_WARN_UNUSED_VARIABLE = YES;
				IPHONEOS_DEPLOYMENT_TARGET = 11.2;
				MTL_ENABLE_DEBUG_INFO = NO;
				SDKROOT = iphoneos;
				SWIFT_OPTIMIZATION_LEVEL = "-Owholemodule";
				VALIDATE_PRODUCT = YES;
			};
			name = Release;
		};
		DBFDB2D21FED7B3F000CE889 /* Debug */ = {
			isa = XCBuildConfiguration;
			baseConfigurationReference = 93FF13EDBDD49B31A15D930A /* Pods-Gengo2.debug.xcconfig */;
			buildSettings = {
				ASSETCATALOG_COMPILER_APPICON_NAME = AppIcon;
				CODE_SIGN_STYLE = Automatic;
				DEVELOPMENT_TEAM = DVXNNDG4U4;
				INFOPLIST_FILE = Gengo2/Info.plist;
				LD_RUNPATH_SEARCH_PATHS = "$(inherited) @executable_path/Frameworks";
				PRODUCT_BUNDLE_IDENTIFIER = com.giacomuzzi.Gengo2;
				PRODUCT_NAME = "$(TARGET_NAME)";
				SWIFT_VERSION = 4.0;
				TARGETED_DEVICE_FAMILY = "1,2";
			};
			name = Debug;
		};
		DBFDB2D31FED7B3F000CE889 /* Release */ = {
			isa = XCBuildConfiguration;
			baseConfigurationReference = 404F5E4A5AAE2E5267EB9FC5 /* Pods-Gengo2.release.xcconfig */;
			buildSettings = {
				ASSETCATALOG_COMPILER_APPICON_NAME = AppIcon;
				CODE_SIGN_STYLE = Automatic;
				DEVELOPMENT_TEAM = DVXNNDG4U4;
				INFOPLIST_FILE = Gengo2/Info.plist;
				LD_RUNPATH_SEARCH_PATHS = "$(inherited) @executable_path/Frameworks";
				PRODUCT_BUNDLE_IDENTIFIER = com.giacomuzzi.Gengo2;
				PRODUCT_NAME = "$(TARGET_NAME)";
				SWIFT_VERSION = 4.0;
				TARGETED_DEVICE_FAMILY = "1,2";
			};
			name = Release;
		};
/* End XCBuildConfiguration section */

/* Begin XCConfigurationList section */
		DBFDB2B71FED7B3F000CE889 /* Build configuration list for PBXProject "Gengo2" */ = {
			isa = XCConfigurationList;
			buildConfigurations = (
				DBFDB2CF1FED7B3F000CE889 /* Debug */,
				DBFDB2D01FED7B3F000CE889 /* Release */,
			);
			defaultConfigurationIsVisible = 0;
			defaultConfigurationName = Release;
		};
		DBFDB2D11FED7B3F000CE889 /* Build configuration list for PBXNativeTarget "Gengo2" */ = {
			isa = XCConfigurationList;
			buildConfigurations = (
				DBFDB2D21FED7B3F000CE889 /* Debug */,
				DBFDB2D31FED7B3F000CE889 /* Release */,
			);
			defaultConfigurationIsVisible = 0;
			defaultConfigurationName = Release;
		};
/* End XCConfigurationList section */

/* Begin XCVersionGroup section */
		DBFDB2C61FED7B3F000CE889 /* Gengo2.xcdatamodeld */ = {
			isa = XCVersionGroup;
			children = (
				DBFDB2C71FED7B3F000CE889 /* Gengo2.xcdatamodel */,
			);
			currentVersion = DBFDB2C71FED7B3F000CE889 /* Gengo2.xcdatamodel */;
			path = Gengo2.xcdatamodeld;
			sourceTree = "<group>";
			versionGroupType = wrapper.xcdatamodel;
		};
/* End XCVersionGroup section */
	};
	rootObject = DBFDB2B41FED7B3F000CE889 /* Project object */;
}
