// !$*UTF8*$!
{
	archiveVersion = 1;
	classes = {
	};
	objectVersion = 48;
	objects = {

/* Begin PBXBuildFile section */
		9CC2F1F3D5B74CB65BFE6FD5 /* Pods_Gengo2.framework in Frameworks */ = {isa = PBXBuildFile; fileRef = 46E1895DB1980FDC7C91A166 /* Pods_Gengo2.framework */; };
		DBFDB2C01FED7B3F000CE889 /* AppDelegate.swift in Sources */ = {isa = PBXBuildFile; fileRef = DBFDB2BF1FED7B3F000CE889 /* AppDelegate.swift */; };
		DBFDB2C21FED7B3F000CE889 /* ViewController.swift in Sources */ = {isa = PBXBuildFile; fileRef = DBFDB2C11FED7B3F000CE889 /* ViewController.swift */; };
		DBFDB2C51FED7B3F000CE889 /* Main.storyboard in Resources */ = {isa = PBXBuildFile; fileRef = DBFDB2C31FED7B3F000CE889 /* Main.storyboard */; };
		DBFDB2C81FED7B3F000CE889 /* Gengo2.xcdatamodeld in Sources */ = {isa = PBXBuildFile; fileRef = DBFDB2C61FED7B3F000CE889 /* Gengo2.xcdatamodeld */; };
		DBFDB2CA1FED7B3F000CE889 /* Assets.xcassets in Resources */ = {isa = PBXBuildFile; fileRef = DBFDB2C91FED7B3F000CE889 /* Assets.xcassets */; };
		DBFDB2CD1FED7B3F000CE889 /* LaunchScreen.storyboard in Resources */ = {isa = PBXBuildFile; fileRef = DBFDB2CB1FED7B3F000CE889 /* LaunchScreen.storyboard */; };
		DBFDB2D51FED7FD5000CE889 /* GoogleService-Info.plist in Resources */ = {isa = PBXBuildFile; fileRef = DBFDB2D41FED7FD5000CE889 /* GoogleService-Info.plist */; };
/* End PBXBuildFile section */

/* Begin PBXFileReference section */
		404F5E4A5AAE2E5267EB9FC5 /* Pods-Gengo2.release.xcconfig */ = {isa = PBXFileReference; includeInIndex = 1; lastKnownFileType = text.xcconfig; name = "Pods-Gengo2.release.xcconfig"; path = "Pods/Target Support Files/Pods-Gengo2/Pods-Gengo2.release.xcconfig"; sourceTree = "<group>"; };
		46E1895DB1980FDC7C91A166 /* Pods_Gengo2.framework */ = {isa = PBXFileReference; explicitFileType = wrapper.framework; includeInIndex = 0; path = Pods_Gengo2.framework; sourceTree = BUILT_PRODUCTS_DIR; };
		93FF13EDBDD49B31A15D930A /* Pods-Gengo2.debug.xcconfig */ = {isa = PBXFileReference; includeInIndex = 1; lastKnownFileType = text.xcconfig; name = "Pods-Gengo2.debug.xcconfig"; path = "Pods/Target Support Files/Pods-Gengo2/Pods-Gengo2.debug.xcconfig"; sourceTree = "<group>"; };
		DBFDB2BC1FED7B3F000CE889 /* Gengo2.app */ = {isa = PBXFileReference; explicitFileType = wrapper.application; includeInIndex = 0; path = Gengo2.app; sourceTree = BUILT_PRODUCTS_DIR; };
		DBFDB2BF1FED7B3F000CE889 /* AppDelegate.swift */ = {isa = PBXFileReference; lastKnownFileType = sourcecode.swift; path = AppDelegate.swift; sourceTree = "<group>"; };
		DBFDB2C11FED7B3F000CE889 /* ViewController.swift */ = {isa = PBXFileReference; lastKnownFileType = sourcecode.swift; path = ViewController.swift; sourceTree = "<group>"; };
		DBFDB2C41FED7B3F000CE889 /* Base */ = {isa = PBXFileReference; lastKnownFileType = file.storyboard; name = Base; path = Base.lproj/Main.storyboard; sourceTree = "<group>"; };
		DBFDB2C71FED7B3F000CE889 /* Gengo2.xcdatamodel */ = {isa = PBXFileReference; lastKnownFileType = wrapper.xcdatamodel; path = Gengo2.xcdatamodel; sourceTree = "<group>"; };
		DBFDB2C91FED7B3F000CE889 /* Assets.xcassets */ = {isa = PBXFileReference; lastKnownFileType = folder.assetcatalog; path = Assets.xcassets; sourceTree = "<group>"; };
		DBFDB2CC1FED7B3F000CE889 /* Base */ = {isa = PBXFileReference; lastKnownFileType = file.storyboard; name = Base; path = Base.lproj/LaunchScreen.storyboard; sourceTree = "<group>"; };
		DBFDB2CE1FED7B3F000CE889 /* Info.plist */ = {isa = PBXFileReference; lastKnownFileType = text.plist.xml; path = Info.plist; sourceTree = "<group>"; };
		DBFDB2D41FED7FD5000CE889 /* GoogleService-Info.plist */ = {isa = PBXFileReference; fileEncoding = 4; lastKnownFileType = text.plist.xml; path = "GoogleService-Info.plist"; sourceTree = "<group>"; };
/* End PBXFileReference section */

/* Begin PBXFrameworksBuildPhase section */
		DBFDB2B91FED7B3F000CE889 /* Frameworks */ = {
			isa = PBXFrameworksBuildPhase;
			buildActionMask = 2147483647;
			files = (
				9CC2F1F3D5B74CB65BFE6FD5 /* Pods_Gengo2.framework in Frameworks */,
			);
			runOnlyForDeploymentPostprocessing = 0;
		};
/* End PBXFrameworksBuildPhase section */

/* Begin PBXGroup section */
		26C7634CCB6F5127FB7CBF51 /* Pods */ = {
			isa = PBXGroup;
			children = (
				93FF13EDBDD49B31A15D930A /* Pods-Gengo2.debug.xcconfig */,
				404F5E4A5AAE2E5267EB9FC5 /* Pods-Gengo2.release.xcconfig */,
			);
			name = Pods;
			sourceTree = "<group>";
		};
		893F69CEFA90B47CF78E052D /* Frameworks */ = {
			isa = PBXGroup;
			children = (
				46E1895DB1980FDC7C91A166 /* Pods_Gengo2.framework */,
			);
			name = Frameworks;
			sourceTree = "<group>";
		};
		DBFDB2B31FED7B3F000CE889 = {
			isa = PBXGroup;
			children = (
				DBFDB2BE1FED7B3F000CE889 /* Gengo2 */,
				DBFDB2BD1FED7B3F000CE889 /* Products */,
				26C7634CCB6F5127FB7CBF51 /* Pods */,
				893F69CEFA90B47CF78E052D /* Frameworks */,
			);
			sourceTree = "<group>";
		};
		DBFDB2BD1FED7B3F000CE889 /* Products */ = {
			isa = PBXGroup;
			children = (
				DBFDB2BC1FED7B3F000CE889 /* Gengo2.app */,
			);
			name = Products;
			sourceTree = "<group>";
		};
		DBFDB2BE1FED7B3F000CE889 /* Gengo2 */ = {
			isa = PBXGroup;
			children = (
				DBFDB2BF1FED7B3F000CE889 /* AppDelegate.swift */,
				DBFDB2C11FED7B3F000CE889 /* ViewController.swift */,
				DBFDB2C31FED7B3F000CE889 /* Main.storyboard */,
				DBFDB2C91FED7B3F000CE889 /* Assets.xcassets */,
				DBFDB2CB1FED7B3F000CE889 /* LaunchScreen.storyboard */,
				DBFDB2CE1FED7B3F000CE889 /* Info.plist */,
				DBFDB2D41FED7FD5000CE889 /* GoogleService-Info.plist */,
				DBFDB2C61FED7B3F000CE889 /* Gengo2.xcdatamodeld */,
			);
			path = Gengo2;
			sourceTree = "<group>";
		};
/* End PBXGroup section */

/* Begin PBXNativeTarget section */
		DBFDB2BB1FED7B3F000CE889 /* Gengo2 */ = {
			isa = PBXNativeTarget;
			buildConfigurationList = DBFDB2D11FED7B3F000CE889 /* Build configuration list for PBXNativeTarget "Gengo2" */;
			buildPhases = (
				F1DA73C2271774183458AA62 /* [CP] Check Pods Manifest.lock */,
				DBFDB2B81FED7B3F000CE889 /* Sources */,
				DBFDB2B91FED7B3F000CE889 /* Frameworks */,
				DBFDB2BA1FED7B3F000CE889 /* Resources */,
				5C89E264D420B99B73B303BD /* [CP] Embed Pods Frameworks */,
				F72F88254794D2FAAC0AB489 /* [CP] Copy Pods Resources */,
			);
			buildRules = (
			);
			dependencies = (
			);
			name = Gengo2;
			productName = Gengo2;
			productReference = DBFDB2BC1FED7B3F000CE889 /* Gengo2.app */;
			productType = "com.apple.product-type.application";
		};
/* End PBXNativeTarget section */

/* Begin PBXProject section */
		DBFDB2B41FED7B3F000CE889 /* Project object */ = {
			isa = PBXProject;
			attributes = {
				LastSwiftUpdateCheck = 0920;
				LastUpgradeCheck = 0920;
				ORGANIZATIONNAME = Giacomuzzi;
				TargetAttributes = {
					DBFDB2BB1FED7B3F000CE889 = {
						CreatedOnToolsVersion = 9.2;
						ProvisioningStyle = Automatic;
					};
				};
			};
			buildConfigurationList = DBFDB2B71FED7B3F000CE889 /* Build configuration list for PBXProject "Gengo2" */;
			compatibilityVersion = "Xcode 8.0";
			developmentRegion = en;
			hasScannedForEncodings = 0;
			knownRegions = (
				en,
				Base,
			);
			mainGroup = DBFDB2B31FED7B3F000CE889;
			productRefGroup = DBFDB2BD1FED7B3F000CE889 /* Products */;
			projectDirPath = "";
			projectRoot = "";
			targets = (
				DBFDB2BB1FED7B3F000CE889 /* Gengo2 */,
			);
		};
/* End PBXProject section */

/* Begin PBXResourcesBuildPhase section */
		DBFDB2BA1FED7B3F000CE889 /* Resources */ = {
			isa = PBXResourcesBuildPhase;
			buildActionMask = 2147483647;
			files = (
				DBFDB2CD1FED7B3F000CE889 /* LaunchScreen.storyboard in Resources */,
				DBFDB2D51FED7FD5000CE889 /* GoogleService-Info.plist in Resources */,
				DBFDB2CA1FED7B3F000CE889 /* Assets.xcassets in Resources */,
				DBFDB2C51FED7B3F000CE889 /* Main.storyboard in Resources */,
			);
			runOnlyForDeploymentPostprocessing = 0;
		};
/* End PBXResourcesBuildPhase section */

/* Begin PBXShellScriptBuildPhase section */
		5C89E264D420B99B73B303BD /* [CP] Embed Pods Frameworks */ = {
			isa = PBXShellScriptBuildPhase;
			buildActionMask = 2147483647;
			files = (
			);
			inputPaths = (
				"${SRCROOT}/Pods/Target Support Files/Pods-Gengo2/Pods-Gengo2-frameworks.sh",
				"${BUILT_PRODUCTS_DIR}/GTMSessionFetcher/GTMSessionFetcher.framework",
				"${BUILT_PRODUCTS_DIR}/GoogleToolboxForMac/GoogleToolboxForMac.framework",
				"${BUILT_PRODUCTS_DIR}/Protobuf/Protobuf.framework",
				"${BUILT_PRODUCTS_DIR}/leveldb-library/leveldb.framework",
				"${BUILT_PRODUCTS_DIR}/nanopb/nanopb.framework",
			);
			name = "[CP] Embed Pods Frameworks";
			outputPaths = (
				"${TARGET_BUILD_DIR}/${FRAMEWORKS_FOLDER_PATH}/GTMSessionFetcher.framework",
				"${TARGET_BUILD_DIR}/${FRAMEWORKS_FOLDER_PATH}/GoogleToolboxForMac.framework",
				"${TARGET_BUILD_DIR}/${FRAMEWORKS_FOLDER_PATH}/Protobuf.framework",
				"${TARGET_BUILD_DIR}/${FRAMEWORKS_FOLDER_PATH}/leveldb.framework",
				"${TARGET_BUILD_DIR}/${FRAMEWORKS_FOLDER_PATH}/nanopb.framework",
			);
			runOnlyForDeploymentPostprocessing = 0;
			shellPath = /bin/sh;
			shellScript = "\"${SRCROOT}/Pods/Target Support Files/Pods-Gengo2/Pods-Gengo2-frameworks.sh\"\n";
			showEnvVarsInLog = 0;
		};
		F1DA73C2271774183458AA62 /* [CP] Check Pods Manifest.lock */ = {
			isa = PBXShellScriptBuildPhase;
			buildActionMask = 2147483647;
			files = (
			);
			inputPaths = (
				"${PODS_PODFILE_DIR_PATH}/Podfile.lock",
				"${PODS_ROOT}/Manifest.lock",
			);
			name = "[CP] Check Pods Manifest.lock";
			outputPaths = (
				"$(DERIVED_FILE_DIR)/Pods-Gengo2-checkManifestLockResult.txt",
			);
			runOnlyForDeploymentPostprocessing = 0;
			shellPath = /bin/sh;
			shellScript = "diff \"${PODS_PODFILE_DIR_PATH}/Podfile.lock\" \"${PODS_ROOT}/Manifest.lock\" > /dev/null\nif [ $? != 0 ] ; then\n    # print error to STDERR\n    echo \"error: The sandbox is not in sync with the Podfile.lock. Run 'pod install' or update your CocoaPods installation.\" >&2\n    exit 1\nfi\n# This output is used by Xcode 'outputs' to avoid re-running this script phase.\necho \"SUCCESS\" > \"${SCRIPT_OUTPUT_FILE_0}\"\n";
			showEnvVarsInLog = 0;
		};
		F72F88254794D2FAAC0AB489 /* [CP] Copy Pods Resources */ = {
			isa = PBXShellScriptBuildPhase;
			buildActionMask = 2147483647;
			files = (
			);
			inputPaths = (
			);
			name = "[CP] Copy Pods Resources";
			outputPaths = (
			);
			runOnlyForDeploymentPostprocessing = 0;
			shellPath = /bin/sh;
			shellScript = "\"${SRCROOT}/Pods/Target Support Files/Pods-Gengo2/Pods-Gengo2-resources.sh\"\n";
			showEnvVarsInLog = 0;
		};
/* End PBXShellScriptBuildPhase section */

/* Begin PBXSourcesBuildPhase section */
		DBFDB2B81FED7B3F000CE889 /* Sources */ = {
			isa = PBXSourcesBuildPhase;
			buildActionMask = 2147483647;
			files = (
				DBFDB2C21FED7B3F000CE889 /* ViewController.swift in Sources */,
				DBFDB2C81FED7B3F000CE889 /* Gengo2.xcdatamodeld in Sources */,
				DBFDB2C01FED7B3F000CE889 /* AppDelegate.swift in Sources */,
			);
			runOnlyForDeploymentPostprocessing = 0;
		};
/* End PBXSourcesBuildPhase section */

/* Begin PBXVariantGroup section */
		DBFDB2C31FED7B3F000CE889 /* Main.storyboard */ = {
			isa = PBXVariantGroup;
			children = (
				DBFDB2C41FED7B3F000CE889 /* Base */,
			);
			name = Main.storyboard;
			sourceTree = "<group>";
		};
		DBFDB2CB1FED7B3F000CE889 /* LaunchScreen.storyboard */ = {
			isa = PBXVariantGroup;
			children = (
				DBFDB2CC1FED7B3F000CE889 /* Base */,
			);
			name = LaunchScreen.storyboard;
			sourceTree = "<group>";
		};
/* End PBXVariantGroup section */

/* Begin XCBuildConfiguration section */
		DBFDB2CF1FED7B3F000CE889 /* Debug */ = {
			isa = XCBuildConfiguration;
			buildSettings = {
				ALWAYS_SEARCH_USER_PATHS = NO;
				CLANG_ANALYZER_NONNULL = YES;
				CLANG_ANALYZER_NUMBER_OBJECT_CONVERSION = YES_AGGRESSIVE;
				CLANG_CXX_LANGUAGE_STANDARD = "gnu++14";
				CLANG_CXX_LIBRARY = "libc++";
				CLANG_ENABLE_MODULES = YES;
				CLANG_ENABLE_OBJC_ARC = YES;
				CLANG_WARN_BLOCK_CAPTURE_AUTORELEASING = YES;
				CLANG_WARN_BOOL_CONVERSION = YES;
				CLANG_WARN_COMMA = YES;
				CLANG_WARN_CONSTANT_CONVERSION = YES;
				CLANG_WARN_DIRECT_OBJC_ISA_USAGE = YES_ERROR;
				CLANG_WARN_DOCUMENTATION_COMMENTS = YES;
				CLANG_WARN_EMPTY_BODY = YES;
				CLANG_WARN_ENUM_CONVERSION = YES;
				CLANG_WARN_INFINITE_RECURSION = YES;
				CLANG_WARN_INT_CONVERSION = YES;
				CLANG_WARN_NON_LITERAL_NULL_CONVERSION = YES;
				CLANG_WARN_OBJC_LITERAL_CONVERSION = YES;
				CLANG_WARN_OBJC_ROOT_CLASS = YES_ERROR;
				CLANG_WARN_RANGE_LOOP_ANALYSIS = YES;
				CLANG_WARN_STRICT_PROTOTYPES = YES;
				CLANG_WARN_SUSPICIOUS_MOVE = YES;
				CLANG_WARN_UNGUARDED_AVAILABILITY = YES_AGGRESSIVE;
				CLANG_WARN_UNREACHABLE_CODE = YES;
				CLANG_WARN__DUPLICATE_METHOD_MATCH = YES;
				CODE_SIGN_IDENTITY = "iPhone Developer";
				COPY_PHASE_STRIP = NO;
				DEBUG_INFORMATION_FORMAT = dwarf;
				ENABLE_STRICT_OBJC_MSGSEND = YES;
				ENABLE_TESTABILITY = YES;
				GCC_C_LANGUAGE_STANDARD = gnu11;
				GCC_DYNAMIC_NO_PIC = NO;
				GCC_NO_COMMON_BLOCKS = YES;
				GCC_OPTIMIZATION_LEVEL = 0;
				GCC_PREPROCESSOR_DEFINITIONS = (
					"DEBUG=1",
					"$(inherited)",
				);
				GCC_WARN_64_TO_32_BIT_CONVERSION = YES;
				GCC_WARN_ABOUT_RETURN_TYPE = YES_ERROR;
				GCC_WARN_UNDECLARED_SELECTOR = YES;
				GCC_WARN_UNINITIALIZED_AUTOS = YES_AGGRESSIVE;
				GCC_WARN_UNUSED_FUNCTION = YES;
				GCC_WARN_UNUSED_VARIABLE = YES;
				IPHONEOS_DEPLOYMENT_TARGET = 11.2;
				MTL_ENABLE_DEBUG_INFO = YES;
				ONLY_ACTIVE_ARCH = YES;
				SDKROOT = iphoneos;
				SWIFT_ACTIVE_COMPILATION_CONDITIONS = DEBUG;
				SWIFT_OPTIMIZATION_LEVEL = "-Onone";
			};
			name = Debug;
		};
		DBFDB2D01FED7B3F000CE889 /* Release */ = {
			isa = XCBuildConfiguration;
			buildSettings = {
				ALWAYS_SEARCH_USER_PATHS = NO;
				CLANG_ANALYZER_NONNULL = YES;
				CLANG_ANALYZER_NUMBER_OBJECT_CONVERSION = YES_AGGRESSIVE;
				CLANG_CXX_LANGUAGE_STANDARD = "gnu++14";
				CLANG_CXX_LIBRARY = "libc++";
				CLANG_ENABLE_MODULES = YES;
				CLANG_ENABLE_OBJC_ARC = YES;
				CLANG_WARN_BLOCK_CAPTURE_AUTORELEASING = YES;
				CLANG_WARN_BOOL_CONVERSION = YES;
				CLANG_WARN_COMMA = YES;
				CLANG_WARN_CONSTANT_CONVERSION = YES;
				CLANG_WARN_DIRECT_OBJC_ISA_USAGE = YES_ERROR;
				CLANG_WARN_DOCUMENTATION_COMMENTS = YES;
				CLANG_WARN_EMPTY_BODY = YES;
				CLANG_WARN_ENUM_CONVERSION = YES;
				CLANG_WARN_INFINITE_RECURSION = YES;
				CLANG_WARN_INT_CONVERSION = YES;
				CLANG_WARN_NON_LITERAL_NULL_CONVERSION = YES;
				CLANG_WARN_OBJC_LITERAL_CONVERSION = YES;
				CLANG_WARN_OBJC_ROOT_CLASS = YES_ERROR;
				CLANG_WARN_RANGE_LOOP_ANALYSIS = YES;
				CLANG_WARN_STRICT_PROTOTYPES = YES;
				CLANG_WARN_SUSPICIOUS_MOVE = YES;
				CLANG_WARN_UNGUARDED_AVAILABILITY = YES_AGGRESSIVE;
				CLANG_WARN_UNREACHABLE_CODE = YES;
				CLANG_WARN__DUPLICATE_METHOD_MATCH = YES;
				CODE_SIGN_IDENTITY = "iPhone Developer";
				COPY_PHASE_STRIP = NO;
				DEBUG_INFORMATION_FORMAT = "dwarf-with-dsym";
				ENABLE_NS_ASSERTIONS = NO;
				ENABLE_STRICT_OBJC_MSGSEND = YES;
				GCC_C_LANGUAGE_STANDARD = gnu11;
				GCC_NO_COMMON_BLOCKS = YES;
				GCC_WARN_64_TO_32_BIT_CONVERSION = YES;
				GCC_WARN_ABOUT_RETURN_TYPE = YES_ERROR;
				GCC_WARN_UNDECLARED_SELECTOR = YES;
				GCC_WARN_UNINITIALIZED_AUTOS = YES_AGGRESSIVE;
				GCC_WARN_UNUSED_FUNCTION = YES;
				GCC_WARN_UNUSED_VARIABLE = YES;
				IPHONEOS_DEPLOYMENT_TARGET = 11.2;
				MTL_ENABLE_DEBUG_INFO = NO;
				SDKROOT = iphoneos;
				SWIFT_OPTIMIZATION_LEVEL = "-Owholemodule";
				VALIDATE_PRODUCT = YES;
			};
			name = Release;
		};
		DBFDB2D21FED7B3F000CE889 /* Debug */ = {
			isa = XCBuildConfiguration;
			baseConfigurationReference = 93FF13EDBDD49B31A15D930A /* Pods-Gengo2.debug.xcconfig */;
			buildSettings = {
				ASSETCATALOG_COMPILER_APPICON_NAME = AppIcon;
				CODE_SIGN_STYLE = Automatic;
				DEVELOPMENT_TEAM = DVXNNDG4U4;
				INFOPLIST_FILE = Gengo2/Info.plist;
				LD_RUNPATH_SEARCH_PATHS = "$(inherited) @executable_path/Frameworks";
				PRODUCT_BUNDLE_IDENTIFIER = com.giacomuzzi.Gengo2;
				PRODUCT_NAME = "$(TARGET_NAME)";
				SWIFT_VERSION = 4.0;
				TARGETED_DEVICE_FAMILY = "1,2";
			};
			name = Debug;
		};
		DBFDB2D31FED7B3F000CE889 /* Release */ = {
			isa = XCBuildConfiguration;
			baseConfigurationReference = 404F5E4A5AAE2E5267EB9FC5 /* Pods-Gengo2.release.xcconfig */;
			buildSettings = {
				ASSETCATALOG_COMPILER_APPICON_NAME = AppIcon;
				CODE_SIGN_STYLE = Automatic;
				DEVELOPMENT_TEAM = DVXNNDG4U4;
				INFOPLIST_FILE = Gengo2/Info.plist;
				LD_RUNPATH_SEARCH_PATHS = "$(inherited) @executable_path/Frameworks";
				PRODUCT_BUNDLE_IDENTIFIER = com.giacomuzzi.Gengo2;
				PRODUCT_NAME = "$(TARGET_NAME)";
				SWIFT_VERSION = 4.0;
				TARGETED_DEVICE_FAMILY = "1,2";
			};
			name = Release;
		};
/* End XCBuildConfiguration section */

/* Begin XCConfigurationList section */
		DBFDB2B71FED7B3F000CE889 /* Build configuration list for PBXProject "Gengo2" */ = {
			isa = XCConfigurationList;
			buildConfigurations = (
				DBFDB2CF1FED7B3F000CE889 /* Debug */,
				DBFDB2D01FED7B3F000CE889 /* Release */,
			);
			defaultConfigurationIsVisible = 0;
			defaultConfigurationName = Release;
		};
		DBFDB2D11FED7B3F000CE889 /* Build configuration list for PBXNativeTarget "Gengo2" */ = {
			isa = XCConfigurationList;
			buildConfigurations = (
				DBFDB2D21FED7B3F000CE889 /* Debug */,
				DBFDB2D31FED7B3F000CE889 /* Release */,
			);
			defaultConfigurationIsVisible = 0;
			defaultConfigurationName = Release;
		};
/* End XCConfigurationList section */

/* Begin XCVersionGroup section */
		DBFDB2C61FED7B3F000CE889 /* Gengo2.xcdatamodeld */ = {
			isa = XCVersionGroup;
			children = (
				DBFDB2C71FED7B3F000CE889 /* Gengo2.xcdatamodel */,
			);
			currentVersion = DBFDB2C71FED7B3F000CE889 /* Gengo2.xcdatamodel */;
			path = Gengo2.xcdatamodeld;
			sourceTree = "<group>";
			versionGroupType = wrapper.xcdatamodel;
		};
/* End XCVersionGroup section */
	};
	rootObject = DBFDB2B41FED7B3F000CE889 /* Project object */;
}
